{
  "version": 4,
  "terraform_version": "1.12.0",
  "serial": 57,
  "lineage": "686fd83d-e708-0e55-6f2a-b6c4259d26b1",
  "outputs": {
    "dns_name_servers": {
      "value": [
        "ns-cloud-b1.googledomains.com.",
        "ns-cloud-b2.googledomains.com.",
        "ns-cloud-b3.googledomains.com.",
        "ns-cloud-b4.googledomains.com."
      ],
      "type": [
        "list",
        "string"
      ]
    }
  },
  "resources": [
    {
      "mode": "managed",
      "type": "google_dns_managed_zone",
      "name": "portfolio_zone",
      "provider": "provider[\"registry.terraform.io/hashicorp/google\"]",
      "instances": [
        {
          "schema_version": 0,
          "attributes": {
            "cloud_logging_config": [
              {
                "enable_logging": false
              }
            ],
            "creation_time": "2025-05-21T00:08:05.236Z",
            "description": "Managed by Terraform",
            "dns_name": "oviyaportfolio.com.",
            "dnssec_config": [
              {
                "default_key_specs": [
                  {
                    "algorithm": "rsasha256",
                    "key_length": 2048,
                    "key_type": "keySigning",
                    "kind": "dns#dnsKeySpec"
                  },
                  {
                    "algorithm": "rsasha256",
                    "key_length": 1024,
                    "key_type": "zoneSigning",
                    "kind": "dns#dnsKeySpec"
                  }
                ],
                "kind": "dns#managedZoneDnsSecConfig",
                "non_existence": "nsec3",
                "state": "off"
              }
            ],
            "effective_labels": {
              "goog-terraform-provisioned": "true"
            },
            "force_destroy": false,
            "forwarding_config": [],
            "id": "projects/oviya-terraform-project/managedZones/portfolio",
            "labels": {},
            "managed_zone_id": 2855798462839379569,
            "name": "portfolio",
            "name_servers": [
              "ns-cloud-b1.googledomains.com.",
              "ns-cloud-b2.googledomains.com.",
              "ns-cloud-b3.googledomains.com.",
              "ns-cloud-b4.googledomains.com."
            ],
            "peering_config": [],
            "private_visibility_config": [],
            "project": "oviya-terraform-project",
            "terraform_labels": {
              "goog-terraform-provisioned": "true"
            },
            "timeouts": null,
            "visibility": "public"
          },
          "sensitive_attributes": [],
          "identity_schema_version": 0,
          "private": "eyJlMmJmYjczMC1lY2FhLTExZTYtOGY4OC0zNDM2M2JjN2M0YzAiOnsiY3JlYXRlIjoxMjAwMDAwMDAwMDAwLCJkZWxldGUiOjEyMDAwMDAwMDAwMDAsInVwZGF0ZSI6MTIwMDAwMDAwMDAwMH19"
        }
      ]
    },
    {
      "mode": "managed",
      "type": "google_dns_record_set",
      "name": "a_record",
      "provider": "provider[\"registry.terraform.io/hashicorp/google\"]",
      "instances": [
        {
          "schema_version": 0,
          "attributes": {
            "id": "projects/oviya-terraform-project/managedZones/portfolio/rrsets/oviyaportfolio.com./A",
            "managed_zone": "portfolio",
            "name": "oviyaportfolio.com.",
            "project": "oviya-terraform-project",
            "routing_policy": [],
            "rrdatas": [
              "34.54.202.153"
            ],
            "ttl": 300,
            "type": "A"
          },
          "sensitive_attributes": [],
          "identity_schema_version": 0,
          "private": "bnVsbA==",
          "dependencies": [
            "google_dns_managed_zone.portfolio_zone"
          ]
        }
      ]
    },
    {
      "mode": "managed",
      "type": "google_storage_bucket",
      "name": "website_bucket",
      "provider": "provider[\"registry.terraform.io/hashicorp/google\"]",
      "instances": [
        {
          "schema_version": 3,
          "attributes": {
            "autoclass": [],
            "cors": [],
            "custom_placement_config": [],
            "default_event_based_hold": false,
            "effective_labels": {
              "goog-terraform-provisioned": "true"
            },
            "enable_object_retention": false,
            "encryption": [],
            "force_destroy": true,
            "hierarchical_namespace": [
              {
                "enabled": false
              }
            ],
            "id": "viya-website-5520",
            "labels": {},
            "lifecycle_rule": [],
            "location": "US-CENTRAL1",
            "logging": [],
            "name": "viya-website-5520",
            "project": "oviya-terraform-project",
            "project_number": 594650107743,
            "public_access_prevention": "inherited",
            "requester_pays": false,
            "retention_policy": [],
            "rpo": null,
            "self_link": "https://www.googleapis.com/storage/v1/b/viya-website-5520",
            "soft_delete_policy": [
              {
                "effective_time": "2025-05-20T23:49:28.553Z",
                "retention_duration_seconds": 604800
              }
            ],
            "storage_class": "STANDARD",
            "terraform_labels": {
              "goog-terraform-provisioned": "true"
            },
            "time_created": "2025-05-20T23:49:28.553Z",
            "timeouts": null,
            "uniform_bucket_level_access": true,
            "updated": "2025-05-20T23:49:29.959Z",
            "url": "gs://viya-website-5520",
            "versioning": [],
            "website": [
              {
                "main_page_suffix": "index.html",
                "not_found_page": "404.html"
              }
            ]
          },
          "sensitive_attributes": [],
          "identity_schema_version": 0,
          "private": "eyJlMmJmYjczMC1lY2FhLTExZTYtOGY4OC0zNDM2M2JjN2M0YzAiOnsiY3JlYXRlIjo2MDAwMDAwMDAwMDAsInJlYWQiOjI0MDAwMDAwMDAwMCwidXBkYXRlIjoyNDAwMDAwMDAwMDB9LCJzY2hlbWFfdmVyc2lvbiI6IjMifQ=="
        }
      ]
    },
    {
      "mode": "managed",
      "type": "google_storage_bucket_iam_binding",
      "name": "public_read",
      "provider": "provider[\"registry.terraform.io/hashicorp/google\"]",
      "instances": [
        {
          "schema_version": 0,
          "attributes": {
            "bucket": "b/viya-website-5520",
            "condition": [],
            "etag": "CAI=",
            "id": "b/viya-website-5520/roles/storage.objectViewer",
            "members": [
              "allUsers"
            ],
            "role": "roles/storage.objectViewer"
          },
          "sensitive_attributes": [],
          "identity_schema_version": 0,
          "private": "bnVsbA==",
          "dependencies": [
            "google_storage_bucket.website_bucket"
          ]
        }
      ]
    },
    {
      "mode": "managed",
      "type": "google_storage_bucket_object",
      "name": "index_html",
      "provider": "provider[\"registry.terraform.io/hashicorp/google\"]",
      "instances": [
        {
          "schema_version": 0,
          "attributes": {
            "bucket": "viya-website-5520",
            "cache_control": "",
            "content": null,
            "content_disposition": "",
            "content_encoding": "",
            "content_language": "",
            "content_type": "text/html",
            "crc32c": "A3516A==",
            "customer_encryption": [],
            "detect_md5hash": "S7i5NrGu3XpARDDBRKRgNg==",
            "event_based_hold": false,
            "generation": 1747791207423693,
            "id": "viya-website-5520-index.html",
            "kms_key_name": "",
            "md5hash": "S7i5NrGu3XpARDDBRKRgNg==",
            "md5hexhash": "4bb8b936b1aedd7a404430c144a46036",
            "media_link": "https://storage.googleapis.com/download/storage/v1/b/viya-website-5520/o/index.html?generation=1747791207423693\u0026alt=media",
            "metadata": {},
            "name": "index.html",
            "output_name": "index.html",
            "retention": [],
            "self_link": "https://www.googleapis.com/storage/v1/b/viya-website-5520/o/index.html",
            "source": "./../website/index.html",
            "storage_class": "STANDARD",
            "temporary_hold": false,
            "timeouts": null
          },
          "sensitive_attributes": [
            [
              {
                "type": "get_attr",
                "value": "content"
              }
            ]
          ],
          "identity_schema_version": 0,
          "private": "eyJlMmJmYjczMC1lY2FhLTExZTYtOGY4OC0zNDM2M2JjN2M0YzAiOnsiY3JlYXRlIjoyNDAwMDAwMDAwMDAsImRlbGV0ZSI6MjQwMDAwMDAwMDAwLCJ1cGRhdGUiOjI0MDAwMDAwMDAwMH19",
          "dependencies": [
            "google_storage_bucket.website_bucket"
          ]
        }
      ]
    }
  ],
  "check_results": null
}
